// !$*UTF8*$!
{
	archiveVersion = 1;
	classes = {
	};
	objectVersion = 50;
	objects = {

/* Begin PBXBuildFile section */
		303BC17A20D19DD200103C10 /* AppDelegate.swift in Sources */ = {isa = PBXBuildFile; fileRef = 303BC17920D19DD200103C10 /* AppDelegate.swift */; };
		303BC17C20D19DD200103C10 /* ViewController.swift in Sources */ = {isa = PBXBuildFile; fileRef = 303BC17B20D19DD200103C10 /* ViewController.swift */; };
		303BC17F20D19DD200103C10 /* Main.storyboard in Resources */ = {isa = PBXBuildFile; fileRef = 303BC17D20D19DD200103C10 /* Main.storyboard */; };
		303BC18220D19DD200103C10 /* DrinkersApp.xcdatamodeld in Sources */ = {isa = PBXBuildFile; fileRef = 303BC18020D19DD200103C10 /* DrinkersApp.xcdatamodeld */; };
		303BC18420D19DD400103C10 /* Assets.xcassets in Resources */ = {isa = PBXBuildFile; fileRef = 303BC18320D19DD400103C10 /* Assets.xcassets */; };
		303BC18720D19DD400103C10 /* LaunchScreen.storyboard in Resources */ = {isa = PBXBuildFile; fileRef = 303BC18520D19DD400103C10 /* LaunchScreen.storyboard */; };
/* End PBXBuildFile section */

/* Begin PBXFileReference section */
		303BC17620D19DD200103C10 /* DrinkersApp.app */ = {isa = PBXFileReference; explicitFileType = wrapper.application; includeInIndex = 0; path = DrinkersApp.app; sourceTree = BUILT_PRODUCTS_DIR; };
		303BC17920D19DD200103C10 /* AppDelegate.swift */ = {isa = PBXFileReference; lastKnownFileType = sourcecode.swift; path = AppDelegate.swift; sourceTree = "<group>"; };
		303BC17B20D19DD200103C10 /* ViewController.swift */ = {isa = PBXFileReference; lastKnownFileType = sourcecode.swift; path = ViewController.swift; sourceTree = "<group>"; };
		303BC17E20D19DD200103C10 /* Base */ = {isa = PBXFileReference; lastKnownFileType = file.storyboard; name = Base; path = Base.lproj/Main.storyboard; sourceTree = "<group>"; };
		303BC18120D19DD200103C10 /* DrinkersApp.xcdatamodel */ = {isa = PBXFileReference; lastKnownFileType = wrapper.xcdatamodel; path = DrinkersApp.xcdatamodel; sourceTree = "<group>"; };
		303BC18320D19DD400103C10 /* Assets.xcassets */ = {isa = PBXFileReference; lastKnownFileType = folder.assetcatalog; path = Assets.xcassets; sourceTree = "<group>"; };
		303BC18620D19DD400103C10 /* Base */ = {isa = PBXFileReference; lastKnownFileType = file.storyboard; name = Base; path = Base.lproj/LaunchScreen.storyboard; sourceTree = "<group>"; };
		303BC18820D19DD400103C10 /* Info.plist */ = {isa = PBXFileReference; lastKnownFileType = text.plist.xml; path = Info.plist; sourceTree = "<group>"; };
/* End PBXFileReference section */

/* Begin PBXFrameworksBuildPhase section */
		303BC17320D19DD200103C10 /* Frameworks */ = {
			isa = PBXFrameworksBuildPhase;
			buildActionMask = 2147483647;
			files = (
			);
			runOnlyForDeploymentPostprocessing = 0;
		};
/* End PBXFrameworksBuildPhase section */

/* Begin PBXGroup section */
		303BC16D20D19DD200103C10 = {
			isa = PBXGroup;
			children = (
				303BC17820D19DD200103C10 /* DrinkersApp */,
				303BC17720D19DD200103C10 /* Products */,
			);
			sourceTree = "<group>";
		};
		303BC17720D19DD200103C10 /* Products */ = {
			isa = PBXGroup;
			children = (
				303BC17620D19DD200103C10 /* DrinkersApp.app */,
			);
			name = Products;
			sourceTree = "<group>";
		};
		303BC17820D19DD200103C10 /* DrinkersApp */ = {
			isa = PBXGroup;
			children = (
				303BC17920D19DD200103C10 /* AppDelegate.swift */,
				303BC17B20D19DD200103C10 /* ViewController.swift */,
				303BC17D20D19DD200103C10 /* Main.storyboard */,
				303BC18320D19DD400103C10 /* Assets.xcassets */,
				303BC18520D19DD400103C10 /* LaunchScreen.storyboard */,
				303BC18820D19DD400103C10 /* Info.plist */,
				303BC18020D19DD200103C10 /* DrinkersApp.xcdatamodeld */,
			);
			path = DrinkersApp;
			sourceTree = "<group>";
		};
/* End PBXGroup section */

/* Begin PBXNativeTarget section */
		303BC17520D19DD200103C10 /* DrinkersApp */ = {
			isa = PBXNativeTarget;
			buildConfigurationList = 303BC18B20D19DD400103C10 /* Build configuration list for PBXNativeTarget "DrinkersApp" */;
			buildPhases = (
				303BC17220D19DD200103C10 /* Sources */,
				303BC17320D19DD200103C10 /* Frameworks */,
				303BC17420D19DD200103C10 /* Resources */,
			);
			buildRules = (
			);
			dependencies = (
			);
			name = DrinkersApp;
			productName = DrinkersApp;
			productReference = 303BC17620D19DD200103C10 /* DrinkersApp.app */;
			productType = "com.apple.product-type.application";
		};
/* End PBXNativeTarget section */

/* Begin PBXProject section */
		303BC16E20D19DD200103C10 /* Project object */ = {
			isa = PBXProject;
			attributes = {
				LastSwiftUpdateCheck = 0930;
				LastUpgradeCheck = 0930;
				ORGANIZATIONNAME = "Preeteesh Remalli";
				TargetAttributes = {
					303BC17520D19DD200103C10 = {
						CreatedOnToolsVersion = 9.3;
					};
				};
			};
			buildConfigurationList = 303BC17120D19DD200103C10 /* Build configuration list for PBXProject "DrinkersApp" */;
			compatibilityVersion = "Xcode 9.3";
			developmentRegion = en;
			hasScannedForEncodings = 0;
			knownRegions = (
				en,
				Base,
			);
			mainGroup = 303BC16D20D19DD200103C10;
			productRefGroup = 303BC17720D19DD200103C10 /* Products */;
			projectDirPath = "";
			projectRoot = "";
			targets = (
				303BC17520D19DD200103C10 /* DrinkersApp */,
			);
		};
/* End PBXProject section */

/* Begin PBXResourcesBuildPhase section */
		303BC17420D19DD200103C10 /* Resources */ = {
			isa = PBXResourcesBuildPhase;
			buildActionMask = 2147483647;
			files = (
				303BC18720D19DD400103C10 /* LaunchScreen.storyboard in Resources */,
				303BC18420D19DD400103C10 /* Assets.xcassets in Resources */,
				303BC17F20D19DD200103C10 /* Main.storyboard in Resources */,
			);
			runOnlyForDeploymentPostprocessing = 0;
		};
/* End PBXResourcesBuildPhase section */

/* Begin PBXSourcesBuildPhase section */
		303BC17220D19DD200103C10 /* Sources */ = {
			isa = PBXSourcesBuildPhase;
			buildActionMask = 2147483647;
			files = (
				303BC17C20D19DD200103C10 /* ViewController.swift in Sources */,
				303BC18220D19DD200103C10 /* DrinkersApp.xcdatamodeld in Sources */,
				303BC17A20D19DD200103C10 /* AppDelegate.swift in Sources */,
			);
			runOnlyForDeploymentPostprocessing = 0;
		};
/* End PBXSourcesBuildPhase section */

/* Begin PBXVariantGroup section */
		303BC17D20D19DD200103C10 /* Main.storyboard */ = {
			isa = PBXVariantGroup;
			children = (
				303BC17E20D19DD200103C10 /* Base */,
			);
			name = Main.storyboard;
			sourceTree = "<group>";
		};
		303BC18520D19DD400103C10 /* LaunchScreen.storyboard */ = {
			isa = PBXVariantGroup;
			children = (
				303BC18620D19DD400103C10 /* Base */,
			);
			name = LaunchScreen.storyboard;
			sourceTree = "<group>";
		};
/* End PBXVariantGroup section */

/* Begin XCBuildConfiguration section */
		303BC18920D19DD400103C10 /* Debug */ = {
			isa = XCBuildConfiguration;
			buildSettings = {
				ALWAYS_SEARCH_USER_PATHS = NO;
				CLANG_ANALYZER_NONNULL = YES;
				CLANG_ANALYZER_NUMBER_OBJECT_CONVERSION = YES_AGGRESSIVE;
				CLANG_CXX_LANGUAGE_STANDARD = "gnu++14";
				CLANG_CXX_LIBRARY = "libc++";
				CLANG_ENABLE_MODULES = YES;
				CLANG_ENABLE_OBJC_ARC = YES;
				CLANG_ENABLE_OBJC_WEAK = YES;
				CLANG_WARN_BLOCK_CAPTURE_AUTORELEASING = YES;
				CLANG_WARN_BOOL_CONVERSION = YES;
				CLANG_WARN_COMMA = YES;
				CLANG_WARN_CONSTANT_CONVERSION = YES;
				CLANG_WARN_DEPRECATED_OBJC_IMPLEMENTATIONS = YES;
				CLANG_WARN_DIRECT_OBJC_ISA_USAGE = YES_ERROR;
				CLANG_WARN_DOCUMENTATION_COMMENTS = YES;
				CLANG_WARN_EMPTY_BODY = YES;
				CLANG_WARN_ENUM_CONVERSION = YES;
				CLANG_WARN_INFINITE_RECURSION = YES;
				CLANG_WARN_INT_CONVERSION = YES;
				CLANG_WARN_NON_LITERAL_NULL_CONVERSION = YES;
				CLANG_WARN_OBJC_IMPLICIT_RETAIN_SELF = YES;
				CLANG_WARN_OBJC_LITERAL_CONVERSION = YES;
				CLANG_WARN_OBJC_ROOT_CLASS = YES_ERROR;
				CLANG_WARN_RANGE_LOOP_ANALYSIS = YES;
				CLANG_WARN_STRICT_PROTOTYPES = YES;
				CLANG_WARN_SUSPICIOUS_MOVE = YES;
				CLANG_WARN_UNGUARDED_AVAILABILITY = YES_AGGRESSIVE;
				CLANG_WARN_UNREACHABLE_CODE = YES;
				CLANG_WARN__DUPLICATE_METHOD_MATCH = YES;
				CODE_SIGN_IDENTITY = "iPhone Developer";
				COPY_PHASE_STRIP = NO;
				DEBUG_INFORMATION_FORMAT = dwarf;
				ENABLE_STRICT_OBJC_MSGSEND = YES;
				ENABLE_TESTABILITY = YES;
				GCC_C_LANGUAGE_STANDARD = gnu11;
				GCC_DYNAMIC_NO_PIC = NO;
				GCC_NO_COMMON_BLOCKS = YES;
				GCC_OPTIMIZATION_LEVEL = 0;
				GCC_PREPROCESSOR_DEFINITIONS = (
					"DEBUG=1",
					"$(inherited)",
				);
				GCC_WARN_64_TO_32_BIT_CONVERSION = YES;
				GCC_WARN_ABOUT_RETURN_TYPE = YES_ERROR;
				GCC_WARN_UNDECLARED_SELECTOR = YES;
				GCC_WARN_UNINITIALIZED_AUTOS = YES_AGGRESSIVE;
				GCC_WARN_UNUSED_FUNCTION = YES;
				GCC_WARN_UNUSED_VARIABLE = YES;
				IPHONEOS_DEPLOYMENT_TARGET = 11.3;
				MTL_ENABLE_DEBUG_INFO = YES;
				ONLY_ACTIVE_ARCH = YES;
				SDKROOT = iphoneos;
				SWIFT_ACTIVE_COMPILATION_CONDITIONS = DEBUG;
				SWIFT_OPTIMIZATION_LEVEL = "-Onone";
			};
			name = Debug;
		};
		303BC18A20D19DD400103C10 /* Release */ = {
			isa = XCBuildConfiguration;
			buildSettings = {
				ALWAYS_SEARCH_USER_PATHS = NO;
				CLANG_ANALYZER_NONNULL = YES;
				CLANG_ANALYZER_NUMBER_OBJECT_CONVERSION = YES_AGGRESSIVE;
				CLANG_CXX_LANGUAGE_STANDARD = "gnu++14";
				CLANG_CXX_LIBRARY = "libc++";
				CLANG_ENABLE_MODULES = YES;
				CLANG_ENABLE_OBJC_ARC = YES;
				CLANG_ENABLE_OBJC_WEAK = YES;
				CLANG_WARN_BLOCK_CAPTURE_AUTORELEASING = YES;
				CLANG_WARN_BOOL_CONVERSION = YES;
				CLANG_WARN_COMMA = YES;
				CLANG_WARN_CONSTANT_CONVERSION = YES;
				CLANG_WARN_DEPRECATED_OBJC_IMPLEMENTATIONS = YES;
				CLANG_WARN_DIRECT_OBJC_ISA_USAGE = YES_ERROR;
				CLANG_WARN_DOCUMENTATION_COMMENTS = YES;
				CLANG_WARN_EMPTY_BODY = YES;
				CLANG_WARN_ENUM_CONVERSION = YES;
				CLANG_WARN_INFINITE_RECURSION = YES;
				CLANG_WARN_INT_CONVERSION = YES;
				CLANG_WARN_NON_LITERAL_NULL_CONVERSION = YES;
				CLANG_WARN_OBJC_IMPLICIT_RETAIN_SELF = YES;
				CLANG_WARN_OBJC_LITERAL_CONVERSION = YES;
				CLANG_WARN_OBJC_ROOT_CLASS = YES_ERROR;
				CLANG_WARN_RANGE_LOOP_ANALYSIS = YES;
				CLANG_WARN_STRICT_PROTOTYPES = YES;
				CLANG_WARN_SUSPICIOUS_MOVE = YES;
				CLANG_WARN_UNGUARDED_AVAILABILITY = YES_AGGRESSIVE;
				CLANG_WARN_UNREACHABLE_CODE = YES;
				CLANG_WARN__DUPLICATE_METHOD_MATCH = YES;
				CODE_SIGN_IDENTITY = "iPhone Developer";
				COPY_PHASE_STRIP = NO;
				DEBUG_INFORMATION_FORMAT = "dwarf-with-dsym";
				ENABLE_NS_ASSERTIONS = NO;
				ENABLE_STRICT_OBJC_MSGSEND = YES;
				GCC_C_LANGUAGE_STANDARD = gnu11;
				GCC_NO_COMMON_BLOCKS = YES;
				GCC_WARN_64_TO_32_BIT_CONVERSION = YES;
				GCC_WARN_ABOUT_RETURN_TYPE = YES_ERROR;
				GCC_WARN_UNDECLARED_SELECTOR = YES;
				GCC_WARN_UNINITIALIZED_AUTOS = YES_AGGRESSIVE;
				GCC_WARN_UNUSED_FUNCTION = YES;
				GCC_WARN_UNUSED_VARIABLE = YES;
				IPHONEOS_DEPLOYMENT_TARGET = 11.3;
				MTL_ENABLE_DEBUG_INFO = NO;
				SDKROOT = iphoneos;
				SWIFT_COMPILATION_MODE = wholemodule;
				SWIFT_OPTIMIZATION_LEVEL = "-O";
				VALIDATE_PRODUCT = YES;
			};
			name = Release;
		};
		303BC18C20D19DD400103C10 /* Debug */ = {
			isa = XCBuildConfiguration;
			buildSettings = {
				ASSETCATALOG_COMPILER_APPICON_NAME = AppIcon;
				CODE_SIGN_STYLE = Automatic;
				DEVELOPMENT_TEAM = 6X87BK799W;
				INFOPLIST_FILE = DrinkersApp/Info.plist;
				LD_RUNPATH_SEARCH_PATHS = (
					"$(inherited)",
					"@executable_path/Frameworks",
				);
				PRODUCT_BUNDLE_IDENTIFIER = com.priteesh.DrinkersApp;
				PRODUCT_NAME = "$(TARGET_NAME)";
				SWIFT_VERSION = 4.0;
				TARGETED_DEVICE_FAMILY = "1,2";
			};
			name = Debug;
		};
		303BC18D20D19DD400103C10 /* Release */ = {
			isa = XCBuildConfiguration;
			buildSettings = {
				ASSETCATALOG_COMPILER_APPICON_NAME = AppIcon;
				CODE_SIGN_STYLE = Automatic;
				DEVELOPMENT_TEAM = 6X87BK799W;
				INFOPLIST_FILE = DrinkersApp/Info.plist;
				LD_RUNPATH_SEARCH_PATHS = (
					"$(inherited)",
					"@executable_path/Frameworks",
				);
				PRODUCT_BUNDLE_IDENTIFIER = com.priteesh.DrinkersApp;
				PRODUCT_NAME = "$(TARGET_NAME)";
				SWIFT_VERSION = 4.0;
				TARGETED_DEVICE_FAMILY = "1,2";
			};
			name = Release;
		};
/* End XCBuildConfiguration section */

/* Begin XCConfigurationList section */
		303BC17120D19DD200103C10 /* Build configuration list for PBXProject "DrinkersApp" */ = {
			isa = XCConfigurationList;
			buildConfigurations = (
				303BC18920D19DD400103C10 /* Debug */,
				303BC18A20D19DD400103C10 /* Release */,
			);
			defaultConfigurationIsVisible = 0;
			defaultConfigurationName = Release;
		};
		303BC18B20D19DD400103C10 /* Build configuration list for PBXNativeTarget "DrinkersApp" */ = {
			isa = XCConfigurationList;
			buildConfigurations = (
				303BC18C20D19DD400103C10 /* Debug */,
				303BC18D20D19DD400103C10 /* Release */,
			);
			defaultConfigurationIsVisible = 0;
			defaultConfigurationName = Release;
		};
/* End XCConfigurationList section */

/* Begin XCVersionGroup section */
		303BC18020D19DD200103C10 /* DrinkersApp.xcdatamodeld */ = {
			isa = XCVersionGroup;
			children = (
				303BC18120D19DD200103C10 /* DrinkersApp.xcdatamodel */,
			);
			currentVersion = 303BC18120D19DD200103C10 /* DrinkersApp.xcdatamodel */;
			path = DrinkersApp.xcdatamodeld;
			sourceTree = "<group>";
			versionGroupType = wrapper.xcdatamodel;
		};
/* End XCVersionGroup section */
	};
	rootObject = 303BC16E20D19DD200103C10 /* Project object */;
}
